
Microsoft Visual Studio Solution File, Format Version 12.00
# Visual Studio 15
VisualStudioVersion = 15.0.27703.2026
MinimumVisualStudioVersion = 10.0.40219.1
Project("{FAE04EC0-301F-11D3-BF4B-00C04F79EFBC}") = "Dmhy.IService", "Dmhy.IService\Dmhy.IService.csproj", "{68A6FA35-3468-4C4E-BBCD-538777409C1D}"
EndProject
Project("{FAE04EC0-301F-11D3-BF4B-00C04F79EFBC}") = "Dmhy.Service", "Dmhy.Service\Dmhy.Service.csproj", "{E80FF3CB-8A28-4036-A62F-E297B73A7E55}"
EndProject
Project("{FAE04EC0-301F-11D3-BF4B-00C04F79EFBC}") = "Dmhy.Test", "Dmhy.Test\Dmhy.Test.csproj", "{C966D6FC-9E63-4725-8D30-48395D21BA6B}"
EndProject
Project("{FAE04EC0-301F-11D3-BF4B-00C04F79EFBC}") = "Dmhy.Common", "Dmhy.Common\Dmhy.Common.csproj", "{35C7D916-2523-44BC-97C7-D1E4AA1DA8BA}"
EndProject
Project("{FAE04EC0-301F-11D3-BF4B-00C04F79EFBC}") = "Dmhy.WebAPI", "Dmhy.WebAPI\Dmhy.WebAPI.csproj", "{A8D00064-8862-44C3-BC75-32383F4AB735}"
EndProject
Project("{FAE04EC0-301F-11D3-BF4B-00C04F79EFBC}") = "Dmhy.Models", "Dmhy.Models\Dmhy.Models.csproj", "{1181C6AE-0BEA-4BEF-A20A-588ACB905EA1}"
EndProject
Global
	GlobalSection(SolutionConfigurationPlatforms) = preSolution
		Debug|Any CPU = Debug|Any CPU
		Release|Any CPU = Release|Any CPU
	EndGlobalSection
	GlobalSection(ProjectConfigurationPlatforms) = postSolution
		{68A6FA35-3468-4C4E-BBCD-538777409C1D}.Debug|Any CPU.ActiveCfg = Debug|Any CPU
		{68A6FA35-3468-4C4E-BBCD-538777409C1D}.Debug|Any CPU.Build.0 = Debug|Any CPU
		{68A6FA35-3468-4C4E-BBCD-538777409C1D}.Release|Any CPU.ActiveCfg = Release|Any CPU
		{68A6FA35-3468-4C4E-BBCD-538777409C1D}.Release|Any CPU.Build.0 = Release|Any CPU
		{E80FF3CB-8A28-4036-A62F-E297B73A7E55}.Debug|Any CPU.ActiveCfg = Debug|Any CPU
		{E80FF3CB-8A28-4036-A62F-E297B73A7E55}.Debug|Any CPU.Build.0 = Debug|Any CPU
		{E80FF3CB-8A28-4036-A62F-E297B73A7E55}.Release|Any CPU.ActiveCfg = Release|Any CPU
		{E80FF3CB-8A28-4036-A62F-E297B73A7E55}.Release|Any CPU.Build.0 = Release|Any CPU
		{C966D6FC-9E63-4725-8D30-48395D21BA6B}.Debug|Any CPU.ActiveCfg = Debug|Any CPU
		{C966D6FC-9E63-4725-8D30-48395D21BA6B}.Debug|Any CPU.Build.0 = Debug|Any CPU
		{C966D6FC-9E63-4725-8D30-48395D21BA6B}.Release|Any CPU.ActiveCfg = Release|Any CPU
		{C966D6FC-9E63-4725-8D30-48395D21BA6B}.Release|Any CPU.Build.0 = Release|Any CPU
		{35C7D916-2523-44BC-97C7-D1E4AA1DA8BA}.Debug|Any CPU.ActiveCfg = Debug|Any CPU
		{35C7D916-2523-44BC-97C7-D1E4AA1DA8BA}.Debug|Any CPU.Build.0 = Debug|Any CPU
		{35C7D916-2523-44BC-97C7-D1E4AA1DA8BA}.Release|Any CPU.ActiveCfg = Release|Any CPU
		{35C7D916-2523-44BC-97C7-D1E4AA1DA8BA}.Release|Any CPU.Build.0 = Release|Any CPU
		{A8D00064-8862-44C3-BC75-32383F4AB735}.Debug|Any CPU.ActiveCfg = Debug|Any CPU
		{A8D00064-8862-44C3-BC75-32383F4AB735}.Debug|Any CPU.Build.0 = Debug|Any CPU
		{A8D00064-8862-44C3-BC75-32383F4AB735}.Release|Any CPU.ActiveCfg = Release|Any CPU
		{A8D00064-8862-44C3-BC75-32383F4AB735}.Release|Any CPU.Build.0 = Release|Any CPU
		{1181C6AE-0BEA-4BEF-A20A-588ACB905EA1}.Debug|Any CPU.ActiveCfg = Debug|Any CPU
		{1181C6AE-0BEA-4BEF-A20A-588ACB905EA1}.Debug|Any CPU.Build.0 = Debug|Any CPU
		{1181C6AE-0BEA-4BEF-A20A-588ACB905EA1}.Release|Any CPU.ActiveCfg = Release|Any CPU
		{1181C6AE-0BEA-4BEF-A20A-588ACB905EA1}.Release|Any CPU.Build.0 = Release|Any CPU
	EndGlobalSection
	GlobalSection(SolutionProperties) = preSolution
		HideSolutionNode = FALSE
	EndGlobalSection
	GlobalSection(ExtensibilityGlobals) = postSolution
		SolutionGuid = {351DB361-4581-4DE1-9C73-62F106C1D576}
	EndGlobalSection
EndGlobal
